
Microsoft Visual Studio Solution File, Format Version 12.00
# Visual Studio 15
VisualStudioVersion = 15.0.27703.2018
MinimumVisualStudioVersion = 10.0.40219.1
Project("{FAE04EC0-301F-11D3-BF4B-00C04F79EFBC}") = "TestApplication", "TestApplication\TestApplication.csproj", "{BBFEDD5C-6D52-4CF3-A567-0F7CE1339E3A}"
EndProject
Global
	GlobalSection(SolutionConfigurationPlatforms) = preSolution
		Debug|Any CPU = Debug|Any CPU
		Release|Any CPU = Release|Any CPU
	EndGlobalSection
	GlobalSection(ProjectConfigurationPlatforms) = postSolution
		{BBFEDD5C-6D52-4CF3-A567-0F7CE1339E3A}.Debug|Any CPU.ActiveCfg = Debug|Any CPU
		{BBFEDD5C-6D52-4CF3-A567-0F7CE1339E3A}.Debug|Any CPU.Build.0 = Debug|Any CPU
		{BBFEDD5C-6D52-4CF3-A567-0F7CE1339E3A}.Release|Any CPU.ActiveCfg = Release|Any CPU
		{BBFEDD5C-6D52-4CF3-A567-0F7CE1339E3A}.Release|Any CPU.Build.0 = Release|Any CPU
	EndGlobalSection
	GlobalSection(SolutionProperties) = preSolution
		HideSolutionNode = FALSE
	EndGlobalSection
	GlobalSection(ExtensibilityGlobals) = postSolution
		SolutionGuid = {B45E5E89-E455-4BFB-B15E-C1EE2CCE4542}
	EndGlobalSection
EndGlobal
